
Microsoft Visual Studio Solution File, Format Version 12.00
# Visual Studio Version 16
VisualStudioVersion = 16.0.31112.23
MinimumVisualStudioVersion = 10.0.40219.1
Project("{FAE04EC0-301F-11D3-BF4B-00C04F79EFBC}") = "lab3_sanchez_pablo_sn", "lab3_sanchez_pablo_sn.csproj", "{02B6F4B8-7108-4204-A440-43045C0C2FB2}"
EndProject
Global
	GlobalSection(SolutionConfigurationPlatforms) = preSolution
		Debug|Any CPU = Debug|Any CPU
		Release|Any CPU = Release|Any CPU
	EndGlobalSection
	GlobalSection(ProjectConfigurationPlatforms) = postSolution
		{02B6F4B8-7108-4204-A440-43045C0C2FB2}.Debug|Any CPU.ActiveCfg = Debug|Any CPU
		{02B6F4B8-7108-4204-A440-43045C0C2FB2}.Debug|Any CPU.Build.0 = Debug|Any CPU
		{02B6F4B8-7108-4204-A440-43045C0C2FB2}.Release|Any CPU.ActiveCfg = Release|Any CPU
		{02B6F4B8-7108-4204-A440-43045C0C2FB2}.Release|Any CPU.Build.0 = Release|Any CPU
	EndGlobalSection
	GlobalSection(SolutionProperties) = preSolution
		HideSolutionNode = FALSE
	EndGlobalSection
	GlobalSection(ExtensibilityGlobals) = postSolution
		SolutionGuid = {7D7AD116-53C9-4868-BC69-1215F8D9740A}
	EndGlobalSection
EndGlobal
