
Microsoft Visual Studio Solution File, Format Version 12.00
# Visual Studio Version 16
VisualStudioVersion = 16.0.31321.278
MinimumVisualStudioVersion = 10.0.40219.1
Project("{FAE04EC0-301F-11D3-BF4B-00C04F79EFBC}") = "recuperatorioProg3", "recuperatorioProg3.csproj", "{BAF8640F-D8AF-4A5A-925B-40797FAB37B1}"
EndProject
Global
	GlobalSection(SolutionConfigurationPlatforms) = preSolution
		Debug|Any CPU = Debug|Any CPU
		Release|Any CPU = Release|Any CPU
	EndGlobalSection
	GlobalSection(ProjectConfigurationPlatforms) = postSolution
		{BAF8640F-D8AF-4A5A-925B-40797FAB37B1}.Debug|Any CPU.ActiveCfg = Debug|Any CPU
		{BAF8640F-D8AF-4A5A-925B-40797FAB37B1}.Debug|Any CPU.Build.0 = Debug|Any CPU
		{BAF8640F-D8AF-4A5A-925B-40797FAB37B1}.Release|Any CPU.ActiveCfg = Release|Any CPU
		{BAF8640F-D8AF-4A5A-925B-40797FAB37B1}.Release|Any CPU.Build.0 = Release|Any CPU
	EndGlobalSection
	GlobalSection(SolutionProperties) = preSolution
		HideSolutionNode = FALSE
	EndGlobalSection
	GlobalSection(ExtensibilityGlobals) = postSolution
		SolutionGuid = {3E9E0585-E4F8-484A-9202-17C8CCE4EC9B}
	EndGlobalSection
EndGlobal
