
Microsoft Visual Studio Solution File, Format Version 12.00
# Visual Studio Version 16
VisualStudioVersion = 16.0.31321.278
MinimumVisualStudioVersion = 10.0.40219.1
Project("{FAE04EC0-301F-11D3-BF4B-00C04F79EFBC}") = "ejercicioFechas", "ejercicioFechas.csproj", "{D23349D8-9D1E-4888-BDDD-D471D9EB945C}"
EndProject
Global
	GlobalSection(SolutionConfigurationPlatforms) = preSolution
		Debug|Any CPU = Debug|Any CPU
		Release|Any CPU = Release|Any CPU
	EndGlobalSection
	GlobalSection(ProjectConfigurationPlatforms) = postSolution
		{D23349D8-9D1E-4888-BDDD-D471D9EB945C}.Debug|Any CPU.ActiveCfg = Debug|Any CPU
		{D23349D8-9D1E-4888-BDDD-D471D9EB945C}.Debug|Any CPU.Build.0 = Debug|Any CPU
		{D23349D8-9D1E-4888-BDDD-D471D9EB945C}.Release|Any CPU.ActiveCfg = Release|Any CPU
		{D23349D8-9D1E-4888-BDDD-D471D9EB945C}.Release|Any CPU.Build.0 = Release|Any CPU
	EndGlobalSection
	GlobalSection(SolutionProperties) = preSolution
		HideSolutionNode = FALSE
	EndGlobalSection
	GlobalSection(ExtensibilityGlobals) = postSolution
		SolutionGuid = {1F69F47F-C2EB-4D85-9673-9DCBFB369CD2}
	EndGlobalSection
EndGlobal
